
Microsoft Visual Studio Solution File, Format Version 12.00
# Visual Studio 15
VisualStudioVersion = 15.0.28010.2036
MinimumVisualStudioVersion = 10.0.40219.1
Project("{FAE04EC0-301F-11D3-BF4B-00C04F79EFBC}") = "HW5_1", "HW5_1\HW5_1.csproj", "{2FA5381C-620E-458F-ADED-D0571768A562}"
EndProject
Project("{FAE04EC0-301F-11D3-BF4B-00C04F79EFBC}") = "HW5_2", "HW5_2\HW5_2.csproj", "{ACD14EB8-4597-41F7-B87E-AA7FD3BA224C}"
EndProject
Global
	GlobalSection(SolutionConfigurationPlatforms) = preSolution
		Debug|Any CPU = Debug|Any CPU
		Release|Any CPU = Release|Any CPU
	EndGlobalSection
	GlobalSection(ProjectConfigurationPlatforms) = postSolution
		{2FA5381C-620E-458F-ADED-D0571768A562}.Debug|Any CPU.ActiveCfg = Debug|Any CPU
		{2FA5381C-620E-458F-ADED-D0571768A562}.Debug|Any CPU.Build.0 = Debug|Any CPU
		{2FA5381C-620E-458F-ADED-D0571768A562}.Release|Any CPU.ActiveCfg = Release|Any CPU
		{2FA5381C-620E-458F-ADED-D0571768A562}.Release|Any CPU.Build.0 = Release|Any CPU
		{ACD14EB8-4597-41F7-B87E-AA7FD3BA224C}.Debug|Any CPU.ActiveCfg = Debug|Any CPU
		{ACD14EB8-4597-41F7-B87E-AA7FD3BA224C}.Debug|Any CPU.Build.0 = Debug|Any CPU
		{ACD14EB8-4597-41F7-B87E-AA7FD3BA224C}.Release|Any CPU.ActiveCfg = Release|Any CPU
		{ACD14EB8-4597-41F7-B87E-AA7FD3BA224C}.Release|Any CPU.Build.0 = Release|Any CPU
	EndGlobalSection
	GlobalSection(SolutionProperties) = preSolution
		HideSolutionNode = FALSE
	EndGlobalSection
	GlobalSection(ExtensibilityGlobals) = postSolution
		SolutionGuid = {5484ABFC-7FBB-4C9E-B1E5-653AB6032A72}
	EndGlobalSection
EndGlobal
